
Microsoft Visual Studio Solution File, Format Version 12.00
# Visual Studio Version 16
VisualStudioVersion = 16.0.31205.134
MinimumVisualStudioVersion = 10.0.40219.1
Project("{FAE04EC0-301F-11D3-BF4B-00C04F79EFBC}") = "MB2 Map", "MB2 Map\MB2 Map.csproj", "{BC25DC6F-EF21-4DB7-9BB4-63E0BB5890CC}"
EndProject
Global
	GlobalSection(SolutionConfigurationPlatforms) = preSolution
		Debug|Any CPU = Debug|Any CPU
		Release|Any CPU = Release|Any CPU
	EndGlobalSection
	GlobalSection(ProjectConfigurationPlatforms) = postSolution
		{BC25DC6F-EF21-4DB7-9BB4-63E0BB5890CC}.Debug|Any CPU.ActiveCfg = Debug|Any CPU
		{BC25DC6F-EF21-4DB7-9BB4-63E0BB5890CC}.Debug|Any CPU.Build.0 = Debug|Any CPU
		{BC25DC6F-EF21-4DB7-9BB4-63E0BB5890CC}.Release|Any CPU.ActiveCfg = Release|Any CPU
		{BC25DC6F-EF21-4DB7-9BB4-63E0BB5890CC}.Release|Any CPU.Build.0 = Release|Any CPU
	EndGlobalSection
	GlobalSection(SolutionProperties) = preSolution
		HideSolutionNode = FALSE
	EndGlobalSection
	GlobalSection(ExtensibilityGlobals) = postSolution
		SolutionGuid = {AE12FFE0-0DA3-401F-9EF4-46DEA86725DD}
	EndGlobalSection
EndGlobal
